
Microsoft Visual Studio Solution File, Format Version 12.00
# Visual Studio Version 17
VisualStudioVersion = 17.2.32630.192
MinimumVisualStudioVersion = 10.0.40219.1
Project("{FAE04EC0-301F-11D3-BF4B-00C04F79EFBC}") = "TTS_Banking_Console_App", "TTS_Banking_Console_App.csproj", "{C5523598-5B1D-4168-96F0-0B5678F6018C}"
EndProject
Global
	GlobalSection(SolutionConfigurationPlatforms) = preSolution
		Debug|Any CPU = Debug|Any CPU
		Release|Any CPU = Release|Any CPU
	EndGlobalSection
	GlobalSection(ProjectConfigurationPlatforms) = postSolution
		{C5523598-5B1D-4168-96F0-0B5678F6018C}.Debug|Any CPU.ActiveCfg = Debug|Any CPU
		{C5523598-5B1D-4168-96F0-0B5678F6018C}.Debug|Any CPU.Build.0 = Debug|Any CPU
		{C5523598-5B1D-4168-96F0-0B5678F6018C}.Release|Any CPU.ActiveCfg = Release|Any CPU
		{C5523598-5B1D-4168-96F0-0B5678F6018C}.Release|Any CPU.Build.0 = Release|Any CPU
	EndGlobalSection
	GlobalSection(SolutionProperties) = preSolution
		HideSolutionNode = FALSE
	EndGlobalSection
	GlobalSection(ExtensibilityGlobals) = postSolution
		SolutionGuid = {C6E6CBA3-D3C8-477A-B5EA-99A63CA21184}
	EndGlobalSection
EndGlobal
